
Microsoft Visual Studio Solution File, Format Version 12.00
# Visual Studio Version 17
VisualStudioVersion = 17.14.37012.4 d17.14
MinimumVisualStudioVersion = 10.0.40219.1
Project("{FAE04EC0-301F-11D3-BF4B-00C04F79EFBC}") = "LoanManager", "LoanManager.csproj", "{9EE93702-23BD-436D-8802-50402DA2007F}"
EndProject
Global
	GlobalSection(SolutionConfigurationPlatforms) = preSolution
		Debug|Any CPU = Debug|Any CPU
		Release|Any CPU = Release|Any CPU
	EndGlobalSection
	GlobalSection(ProjectConfigurationPlatforms) = postSolution
		{9EE93702-23BD-436D-8802-50402DA2007F}.Debug|Any CPU.ActiveCfg = Debug|Any CPU
		{9EE93702-23BD-436D-8802-50402DA2007F}.Debug|Any CPU.Build.0 = Debug|Any CPU
		{9EE93702-23BD-436D-8802-50402DA2007F}.Release|Any CPU.ActiveCfg = Release|Any CPU
		{9EE93702-23BD-436D-8802-50402DA2007F}.Release|Any CPU.Build.0 = Release|Any CPU
	EndGlobalSection
	GlobalSection(SolutionProperties) = preSolution
		HideSolutionNode = FALSE
	EndGlobalSection
	GlobalSection(ExtensibilityGlobals) = postSolution
		SolutionGuid = {5BCA47DF-21CA-4872-B804-22A6ED746AEF}
	EndGlobalSection
EndGlobal
